
Microsoft Visual Studio Solution File, Format Version 12.00
Project("{FAE04EC0-301F-11D3-BF4B-00C04F79EFBC}") = "Jenbot", "Jenbot\Jenbot.csproj", "{9E506DED-E03D-414D-A434-05F31A7409C9}"
EndProject
Project("{FAE04EC0-301F-11D3-BF4B-00C04F79EFBC}") = "Jenbot.Trivia", "Jenbot.Trivia\Jenbot.Trivia.csproj", "{DD9B7949-3C12-4CF8-9EDB-664E30B98C6B}"
EndProject
Project("{FAE04EC0-301F-11D3-BF4B-00C04F79EFBC}") = "Jenbot.ChessModule", "Jenbot.ChessModule\Jenbot.ChessModule.csproj", "{8C1FAFE3-ABC1-4A0A-879A-1A548E540967}"
EndProject
Global
	GlobalSection(SolutionConfigurationPlatforms) = preSolution
		Debug|Any CPU = Debug|Any CPU
		Release|Any CPU = Release|Any CPU
	EndGlobalSection
	GlobalSection(ProjectConfigurationPlatforms) = postSolution
		{9E506DED-E03D-414D-A434-05F31A7409C9}.Debug|Any CPU.ActiveCfg = Debug|Any CPU
		{9E506DED-E03D-414D-A434-05F31A7409C9}.Debug|Any CPU.Build.0 = Debug|Any CPU
		{9E506DED-E03D-414D-A434-05F31A7409C9}.Release|Any CPU.ActiveCfg = Release|Any CPU
		{9E506DED-E03D-414D-A434-05F31A7409C9}.Release|Any CPU.Build.0 = Release|Any CPU
		{DD9B7949-3C12-4CF8-9EDB-664E30B98C6B}.Debug|Any CPU.ActiveCfg = Debug|Any CPU
		{DD9B7949-3C12-4CF8-9EDB-664E30B98C6B}.Debug|Any CPU.Build.0 = Debug|Any CPU
		{DD9B7949-3C12-4CF8-9EDB-664E30B98C6B}.Release|Any CPU.ActiveCfg = Release|Any CPU
		{DD9B7949-3C12-4CF8-9EDB-664E30B98C6B}.Release|Any CPU.Build.0 = Release|Any CPU
		{8C1FAFE3-ABC1-4A0A-879A-1A548E540967}.Debug|Any CPU.ActiveCfg = Debug|Any CPU
		{8C1FAFE3-ABC1-4A0A-879A-1A548E540967}.Debug|Any CPU.Build.0 = Debug|Any CPU
		{8C1FAFE3-ABC1-4A0A-879A-1A548E540967}.Release|Any CPU.ActiveCfg = Release|Any CPU
		{8C1FAFE3-ABC1-4A0A-879A-1A548E540967}.Release|Any CPU.Build.0 = Release|Any CPU
	EndGlobalSection
EndGlobal
